
Microsoft Visual Studio Solution File, Format Version 12.00
# Visual Studio Version 17
VisualStudioVersion = 17.2.32505.173
MinimumVisualStudioVersion = 10.0.40219.1
Project("{FAE04EC0-301F-11D3-BF4B-00C04F79EFBC}") = "LabBigSchool", "LabBigSchool\LabBigSchool.csproj", "{A16581F2-020A-4FF9-9FE7-9E1307018811}"
EndProject
Global
	GlobalSection(SolutionConfigurationPlatforms) = preSolution
		Debug|Any CPU = Debug|Any CPU
		Release|Any CPU = Release|Any CPU
	EndGlobalSection
	GlobalSection(ProjectConfigurationPlatforms) = postSolution
		{A16581F2-020A-4FF9-9FE7-9E1307018811}.Debug|Any CPU.ActiveCfg = Debug|Any CPU
		{A16581F2-020A-4FF9-9FE7-9E1307018811}.Debug|Any CPU.Build.0 = Debug|Any CPU
		{A16581F2-020A-4FF9-9FE7-9E1307018811}.Release|Any CPU.ActiveCfg = Release|Any CPU
		{A16581F2-020A-4FF9-9FE7-9E1307018811}.Release|Any CPU.Build.0 = Release|Any CPU
	EndGlobalSection
	GlobalSection(SolutionProperties) = preSolution
		HideSolutionNode = FALSE
	EndGlobalSection
	GlobalSection(ExtensibilityGlobals) = postSolution
		SolutionGuid = {FD38D9D0-8DB3-454A-9118-8CA17DC828D9}
	EndGlobalSection
EndGlobal
